
Microsoft Visual Studio Solution File, Format Version 12.00
# Visual Studio 2013
VisualStudioVersion = 12.0.30723.0
MinimumVisualStudioVersion = 10.0.40219.1
Project("{FAE04EC0-301F-11D3-BF4B-00C04F79EFBC}") = "Submit-Exercise", "Submit-Exercise\Submit-Exercise.csproj", "{FAFB6CBC-B419-4F51-B0BF-D5FCF52F67BB}"
EndProject
Global
	GlobalSection(SolutionConfigurationPlatforms) = preSolution
		Debug|Any CPU = Debug|Any CPU
		Release|Any CPU = Release|Any CPU
	EndGlobalSection
	GlobalSection(ProjectConfigurationPlatforms) = postSolution
		{FAFB6CBC-B419-4F51-B0BF-D5FCF52F67BB}.Debug|Any CPU.ActiveCfg = Debug|Any CPU
		{FAFB6CBC-B419-4F51-B0BF-D5FCF52F67BB}.Debug|Any CPU.Build.0 = Debug|Any CPU
		{FAFB6CBC-B419-4F51-B0BF-D5FCF52F67BB}.Release|Any CPU.ActiveCfg = Release|Any CPU
		{FAFB6CBC-B419-4F51-B0BF-D5FCF52F67BB}.Release|Any CPU.Build.0 = Release|Any CPU
	EndGlobalSection
	GlobalSection(SolutionProperties) = preSolution
		HideSolutionNode = FALSE
	EndGlobalSection
EndGlobal
